
Microsoft Visual Studio Solution File, Format Version 12.00
# Visual Studio 15
VisualStudioVersion = 15.0.28307.136
MinimumVisualStudioVersion = 10.0.40219.1
Project("{FAE04EC0-301F-11D3-BF4B-00C04F79EFBC}") = "ReportWpfApp", "ReportWpfApp\ReportWpfApp.csproj", "{51B45BCB-2399-4814-AC43-6C0263AD5727}"
EndProject
Global
	GlobalSection(SolutionConfigurationPlatforms) = preSolution
		Debug|Any CPU = Debug|Any CPU
		Release|Any CPU = Release|Any CPU
	EndGlobalSection
	GlobalSection(ProjectConfigurationPlatforms) = postSolution
		{51B45BCB-2399-4814-AC43-6C0263AD5727}.Debug|Any CPU.ActiveCfg = Debug|Any CPU
		{51B45BCB-2399-4814-AC43-6C0263AD5727}.Debug|Any CPU.Build.0 = Debug|Any CPU
		{51B45BCB-2399-4814-AC43-6C0263AD5727}.Release|Any CPU.ActiveCfg = Release|Any CPU
		{51B45BCB-2399-4814-AC43-6C0263AD5727}.Release|Any CPU.Build.0 = Release|Any CPU
	EndGlobalSection
	GlobalSection(SolutionProperties) = preSolution
		HideSolutionNode = FALSE
	EndGlobalSection
	GlobalSection(ExtensibilityGlobals) = postSolution
		SolutionGuid = {698A6270-DBFC-4274-9B0C-E80003E5ABF3}
	EndGlobalSection
EndGlobal
